
Microsoft Visual Studio Solution File, Format Version 12.00
# Visual Studio 2013
VisualStudioVersion = 12.0.30324.0
MinimumVisualStudioVersion = 10.0.40219.1
Project("{888888A0-9F3D-457C-B088-3A5042F75D52}") = "trolley", "trolley\trolley.pyproj", "{A0023C11-81A3-4BAF-A147-48D77A6A8650}"
EndProject
Project("{888888A0-9F3D-457C-B088-3A5042F75D52}") = "trolley.tests", "trolley.tests\trolley.tests.pyproj", "{3F2026EE-2A67-4693-8FB1-DA93A6454B48}"
EndProject
Global
	GlobalSection(SolutionConfigurationPlatforms) = preSolution
		Debug|Any CPU = Debug|Any CPU
		Release|Any CPU = Release|Any CPU
	EndGlobalSection
	GlobalSection(ProjectConfigurationPlatforms) = postSolution
		{A0023C11-81A3-4BAF-A147-48D77A6A8650}.Debug|Any CPU.ActiveCfg = Debug|Any CPU
		{A0023C11-81A3-4BAF-A147-48D77A6A8650}.Release|Any CPU.ActiveCfg = Release|Any CPU
		{3F2026EE-2A67-4693-8FB1-DA93A6454B48}.Debug|Any CPU.ActiveCfg = Debug|Any CPU
		{3F2026EE-2A67-4693-8FB1-DA93A6454B48}.Release|Any CPU.ActiveCfg = Release|Any CPU
	EndGlobalSection
	GlobalSection(SolutionProperties) = preSolution
		HideSolutionNode = FALSE
	EndGlobalSection
EndGlobal
